# @generated - this file is auto-generated by `mise lock` https://mise.en.dev/dev-tools/mise-lock.html

[[tools."aqua:anchore/syft"]]
version = "1.51.0"
backend = "aqua:anchore/syft"

[tools."aqua:anchore/syft"."platforms.linux-arm64"]
checksum = "sha256:6c0466811541ea03add5213a60a1562f0851e4c0b0ecfdee1a694a9455285900"
url = "https://github.com/anchore/syft/releases/download/v1.51.0/syft_1.51.0_linux_arm64.tar.gz"

[tools."aqua:anchore/syft"."platforms.linux-x64"]
checksum = "sha256:2a2e837a2c8d59ec9af5472ee22d3b04ee463c4e44476ecf993fd1e5ab6ebc7f"
url = "https://github.com/anchore/syft/releases/download/v1.51.0/syft_1.51.0_linux_amd64.tar.gz"

[tools."aqua:anchore/syft"."platforms.macos-arm64"]
checksum = "sha256:4f37f4c7fefce0a68e4cf71ba3f5f9829a99e65d89b29f7ee41b8c2c10ea8c59"
url = "https://github.com/anchore/syft/releases/download/v1.51.0/syft_1.51.0_darwin_arm64.tar.gz"

[tools."aqua:anchore/syft"."platforms.macos-x64"]
checksum = "sha256:cddf9a044145caf0a1a3194d00d1dd51a1666f4814f2919cdb4768a0c062ad95"
url = "https://github.com/anchore/syft/releases/download/v1.51.0/syft_1.51.0_darwin_amd64.tar.gz"

[[tools."aqua:astral-sh/uv"]]
version = "0.11.0"
backend = "aqua:astral-sh/uv"

[tools."aqua:astral-sh/uv"."platforms.linux-arm64"]
checksum = "sha256:658be4b8ec905635f1295468d4d5120d9e1ab1722eec9a104473ce993590babe"
url = "https://github.com/astral-sh/uv/releases/download/0.11.0/uv-aarch64-unknown-linux-musl.tar.gz"
provenance = "github-attestations"

[tools."aqua:astral-sh/uv"."platforms.linux-x64"]
checksum = "sha256:bf6b0757c73d1726faa2a819b155d4d864919a95766720215d78fdcd09d42d26"
url = "https://github.com/astral-sh/uv/releases/download/0.11.0/uv-x86_64-unknown-linux-musl.tar.gz"
provenance = "github-attestations"

[tools."aqua:astral-sh/uv"."platforms.macos-arm64"]
checksum = "sha256:0c0f32c6a3473c5928aff96c3233715edfc79290e892f255cac93710cde7b91a"
url = "https://github.com/astral-sh/uv/releases/download/0.11.0/uv-aarch64-apple-darwin.tar.gz"
provenance = "github-attestations"

[tools."aqua:astral-sh/uv"."platforms.macos-x64"]
checksum = "sha256:31aaec764166af8885cf99321fd6ed24fef80225a6f26ed1ae8ce04111688a7e"
url = "https://github.com/astral-sh/uv/releases/download/0.11.0/uv-x86_64-apple-darwin.tar.gz"
provenance = "github-attestations"

[[tools."aqua:golangci/golangci-lint"]]
version = "2.12.2"
backend = "aqua:golangci/golangci-lint"

[tools."aqua:golangci/golangci-lint"."platforms.linux-arm64"]
checksum = "sha256:44cd40a8c76c86755375adfeea52cfd3533cb43d7bd647771e0ae065e166df3a"
url = "https://github.com/golangci/golangci-lint/releases/download/v2.12.2/golangci-lint-2.12.2-linux-arm64.tar.gz"
provenance = "github-attestations"

[tools."aqua:golangci/golangci-lint"."platforms.linux-x64"]
checksum = "sha256:8df580d2670fed8fa984aac0507099af8df275e665215f5c7a2ae3943893a553"
url = "https://github.com/golangci/golangci-lint/releases/download/v2.12.2/golangci-lint-2.12.2-linux-amd64.tar.gz"
provenance = "github-attestations"

[tools."aqua:golangci/golangci-lint"."platforms.macos-arm64"]
checksum = "sha256:a9c54498731b3128f79e090be6110f3e5fffccc617b08142ed244d4126c73f29"
url = "https://github.com/golangci/golangci-lint/releases/download/v2.12.2/golangci-lint-2.12.2-darwin-arm64.tar.gz"
provenance = "github-attestations"

[tools."aqua:golangci/golangci-lint"."platforms.macos-x64"]
checksum = "sha256:f6f06d94b6241521c53d15450c5209b028270bf966f842afb11c030c79f5bc16"
url = "https://github.com/golangci/golangci-lint/releases/download/v2.12.2/golangci-lint-2.12.2-darwin-amd64.tar.gz"
provenance = "github-attestations"

[[tools."aqua:goreleaser/goreleaser"]]
version = "2.17.1"
backend = "aqua:goreleaser/goreleaser"

[tools."aqua:goreleaser/goreleaser"."platforms.linux-arm64"]
checksum = "sha256:702f03769ac8bcb0e47839c82243cc614ae995633599a98c63062e13ea85f829"
url = "https://github.com/goreleaser/goreleaser/releases/download/v2.17.1/goreleaser_Linux_arm64.tar.gz"
provenance = "github-attestations"

[tools."aqua:goreleaser/goreleaser"."platforms.linux-x64"]
checksum = "sha256:a99bbc7ae0d8d897b07c4c497a9b62f222558804715ef219d1af05a7e417bc80"
url = "https://github.com/goreleaser/goreleaser/releases/download/v2.17.1/goreleaser_Linux_x86_64.tar.gz"
provenance = "github-attestations"

[tools."aqua:goreleaser/goreleaser"."platforms.macos-arm64"]
checksum = "sha256:f49d4fe67d283b5b5130c380c983087dca0a4d4ec15b6637b18fe1ab096780d8"
url = "https://github.com/goreleaser/goreleaser/releases/download/v2.17.1/goreleaser_Darwin_all.tar.gz"
provenance = "github-attestations"

[tools."aqua:goreleaser/goreleaser"."platforms.macos-x64"]
checksum = "sha256:f49d4fe67d283b5b5130c380c983087dca0a4d4ec15b6637b18fe1ab096780d8"
url = "https://github.com/goreleaser/goreleaser/releases/download/v2.17.1/goreleaser_Darwin_all.tar.gz"
provenance = "github-attestations"

[[tools."aqua:hashicorp/terraform"]]
version = "1.15.8"
backend = "aqua:hashicorp/terraform"

[tools."aqua:hashicorp/terraform"."platforms.linux-arm64"]
checksum = "sha256:8891e9dcedc9e3b8950bc6af9d4d8af1f4cfade3062f53b9dc403a89f6ce8c9c"
url = "https://releases.hashicorp.com/terraform/1.15.8/terraform_1.15.8_linux_arm64.zip"

[tools."aqua:hashicorp/terraform"."platforms.linux-x64"]
checksum = "sha256:d25ce7b6902013ad905db3d2eab0be4cd905887fe88b81a6171b8d5503c31f3d"
url = "https://releases.hashicorp.com/terraform/1.15.8/terraform_1.15.8_linux_amd64.zip"

[tools."aqua:hashicorp/terraform"."platforms.macos-arm64"]
checksum = "sha256:f210110c5698b94d803a7a63cdb0251b5455c150841478808e2bbb343f95ed68"
url = "https://releases.hashicorp.com/terraform/1.15.8/terraform_1.15.8_darwin_arm64.zip"

[tools."aqua:hashicorp/terraform"."platforms.macos-x64"]
checksum = "sha256:e2e812e783771159bf758fd4e55d6dc9bb08f63e2af2c63d212721807a02c5dc"
url = "https://releases.hashicorp.com/terraform/1.15.8/terraform_1.15.8_darwin_amd64.zip"

[[tools."aqua:hashicorp/terraform-plugin-docs"]]
version = "0.25.0"
backend = "aqua:hashicorp/terraform-plugin-docs"

[tools."aqua:hashicorp/terraform-plugin-docs"."platforms.linux-arm64"]
checksum = "sha256:de1317d79f2783d68a7a090cbe06dea61dbab20c6376c52eadee42e9e8c7c169"
url = "https://github.com/hashicorp/terraform-plugin-docs/releases/download/v0.25.0/tfplugindocs_0.25.0_linux_arm64.zip"

[tools."aqua:hashicorp/terraform-plugin-docs"."platforms.linux-x64"]
checksum = "sha256:912bd663e2deafc9ebf54e932bd2adf91bf6b7fcf545d4d9a82dc9597255854c"
url = "https://github.com/hashicorp/terraform-plugin-docs/releases/download/v0.25.0/tfplugindocs_0.25.0_linux_amd64.zip"

[tools."aqua:hashicorp/terraform-plugin-docs"."platforms.macos-arm64"]
checksum = "sha256:b625927932640100dd7aea08f125dda7db3747f720de8d064a0af1717f9d239f"
url = "https://github.com/hashicorp/terraform-plugin-docs/releases/download/v0.25.0/tfplugindocs_0.25.0_darwin_arm64.zip"

[tools."aqua:hashicorp/terraform-plugin-docs"."platforms.macos-x64"]
checksum = "sha256:2c084bcc9098c1f7aaa9503d33bfadd208e493323a674d938cbfe1af39641336"
url = "https://github.com/hashicorp/terraform-plugin-docs/releases/download/v0.25.0/tfplugindocs_0.25.0_darwin_amd64.zip"

[[tools."aqua:moonrepo/moon"]]
version = "2.3.5"
backend = "aqua:moonrepo/moon"

[tools."aqua:moonrepo/moon"."platforms.linux-arm64"]
checksum = "sha256:553c2ed2202a0f2376cd21d49cd6436d8ff1cbbce537b2d97681adf7beaca61e"
url = "https://github.com/moonrepo/moon/releases/download/v2.3.5/moon_cli-aarch64-unknown-linux-musl.tar.xz"

[tools."aqua:moonrepo/moon"."platforms.linux-x64"]
checksum = "sha256:5639b8780dc4281776524a48f645b814754f8a5373c3d3958cbf6c2336f6a317"
url = "https://github.com/moonrepo/moon/releases/download/v2.3.5/moon_cli-x86_64-unknown-linux-musl.tar.xz"

[tools."aqua:moonrepo/moon"."platforms.macos-arm64"]
checksum = "sha256:2b981e6827833771a51ac4766e9907d12e111bfa7272ab99b5dce28793401b8e"
url = "https://github.com/moonrepo/moon/releases/download/v2.3.5/moon_cli-aarch64-apple-darwin.tar.xz"

[tools."aqua:moonrepo/moon"."platforms.macos-x64"]
checksum = "sha256:ffc0bf6e808f2c08f97593adec269c41fc6396e1399f546f13bb2f878efb6ce7"
url = "https://github.com/moonrepo/moon/releases/download/v2.3.5/moon_cli-x86_64-apple-darwin.tar.xz"

[[tools."aqua:opentofu/opentofu"]]
version = "1.12.5"
backend = "aqua:opentofu/opentofu"

[tools."aqua:opentofu/opentofu"."platforms.linux-arm64"]
checksum = "sha256:e67e9da2b1ddf5050ebee62a584cb826eafe1dfd3827d7ec20899ac62791ed1a"
url = "https://github.com/opentofu/opentofu/releases/download/v1.12.5/tofu_1.12.5_linux_arm64.tar.gz"

[tools."aqua:opentofu/opentofu"."platforms.linux-x64"]
checksum = "sha256:a6894d45ae7a17ce83189cce8fe04b5a65f68cefceb62455b5a6a89fa53ab38f"
url = "https://github.com/opentofu/opentofu/releases/download/v1.12.5/tofu_1.12.5_linux_amd64.tar.gz"

[tools."aqua:opentofu/opentofu"."platforms.macos-arm64"]
checksum = "sha256:2ae38150a667f5c0bd57b318d18ad8091d08f93fcca40345f3d88998661de5a9"
url = "https://github.com/opentofu/opentofu/releases/download/v1.12.5/tofu_1.12.5_darwin_arm64.tar.gz"

[tools."aqua:opentofu/opentofu"."platforms.macos-x64"]
checksum = "sha256:1012d8f3d4567bcbcd1f2c7d766feca39a30bced32fb8be47e1887fbbee2456d"
url = "https://github.com/opentofu/opentofu/releases/download/v1.12.5/tofu_1.12.5_darwin_amd64.tar.gz"

[[tools."aqua:sigstore/cosign"]]
version = "3.1.1"
backend = "aqua:sigstore/cosign"

[tools."aqua:sigstore/cosign"."platforms.linux-arm64"]
checksum = "sha256:2ec865872e331c32fd12b08dae15332d3f92c0aa029219589684a4903ca85d11"
url = "https://github.com/sigstore/cosign/releases/download/v3.1.1/cosign-linux-arm64"
provenance = "cosign"

[tools."aqua:sigstore/cosign"."platforms.linux-x64"]
checksum = "sha256:ae1ecd212663f3693ad9edf8b1a183900c9a52d3155ba6e354237f9a0f6463fc"
url = "https://github.com/sigstore/cosign/releases/download/v3.1.1/cosign-linux-amd64"
provenance = "cosign"

[tools."aqua:sigstore/cosign"."platforms.macos-arm64"]
checksum = "sha256:94b42a9e697be95675f6160ab031a9a5f1ec1e646d6f648d7b2f5cd59ececbc5"
url = "https://github.com/sigstore/cosign/releases/download/v3.1.1/cosign-darwin-arm64"
provenance = "cosign"

[tools."aqua:sigstore/cosign"."platforms.macos-x64"]
checksum = "sha256:14d2678dfbfde18798151e86fbd91ebdadbb7424b18412a42a155dd8a2df4c7a"
url = "https://github.com/sigstore/cosign/releases/download/v3.1.1/cosign-darwin-amd64"
provenance = "cosign"

[[tools."aqua:vektra/mockery"]]
version = "3.7.2"
backend = "aqua:vektra/mockery"

[tools."aqua:vektra/mockery"."platforms.linux-arm64"]
checksum = "sha256:27141b83d8bccc29d66ed91093da69604b320d417bd562d819c8b0372f1444ad"
url = "https://github.com/vektra/mockery/releases/download/v3.7.2/mockery_3.7.2_Linux_arm64.tar.gz"

[tools."aqua:vektra/mockery"."platforms.linux-x64"]
checksum = "sha256:db819b897de126634cefeb3773a3b76eea7769c718f0e5e62e968ab00add12c6"
url = "https://github.com/vektra/mockery/releases/download/v3.7.2/mockery_3.7.2_Linux_x86_64.tar.gz"

[tools."aqua:vektra/mockery"."platforms.macos-arm64"]
checksum = "sha256:f30c556a7c34df2002062aa6b0a014076b37f4f45429c70407804ee39aae71cf"
url = "https://github.com/vektra/mockery/releases/download/v3.7.2/mockery_3.7.2_Darwin_arm64.tar.gz"

[tools."aqua:vektra/mockery"."platforms.macos-x64"]
checksum = "sha256:fddf50e1b43c97e7ae150784c922a73772d6304346294a90ce5cd24b0090b0cc"
url = "https://github.com/vektra/mockery/releases/download/v3.7.2/mockery_3.7.2_Darwin_x86_64.tar.gz"

[[tools.go]]
version = "1.26.4"
backend = "core:go"

[tools.go."platforms.linux-arm64"]
checksum = "sha256:ef758ae7c6cf9267c9c0ef080b8965f453d89ab2d25d9eb22de4405925238768"
url = "https://dl.google.com/go/go1.26.4.linux-arm64.tar.gz"

[tools.go."platforms.linux-x64"]
checksum = "sha256:1153d3d50e0ac764b447adfe05c2bcf08e889d42a02e0fe0259bd47f6733ad7f"
url = "https://dl.google.com/go/go1.26.4.linux-amd64.tar.gz"

[tools.go."platforms.macos-arm64"]
checksum = "sha256:b62ad2b6d7d2464f12a5bcad7ff47f19d08325773b5efd21610e445a05a9bf53"
url = "https://dl.google.com/go/go1.26.4.darwin-arm64.tar.gz"

[tools.go."platforms.macos-x64"]
checksum = "sha256:05dc9b5f9997744520aaebb3d5deaa7c755371aebbfb7f97c2511a9f3367538d"
url = "https://dl.google.com/go/go1.26.4.darwin-amd64.tar.gz"

[[tools.python]]
version = "3.14.3"
backend = "core:python"

[tools.python."platforms.linux-arm64"]
checksum = "sha256:53700338695e402a1a1fe22be4a41fbdacc70e22bb308a48eca8ed67cb7992be"
url = "https://github.com/astral-sh/python-build-standalone/releases/download/20260324/cpython-3.14.3+20260324-aarch64-unknown-linux-gnu-install_only_stripped.tar.gz"
provenance = "github-attestations"

[tools.python."platforms.linux-x64"]
checksum = "sha256:d7a9f970914bb4c88756fe3bdcc186d4feb90e9500e54f1db47dae4dc9687e39"
url = "https://github.com/astral-sh/python-build-standalone/releases/download/20260324/cpython-3.14.3+20260324-x86_64-unknown-linux-gnu-install_only_stripped.tar.gz"
provenance = "github-attestations"

[tools.python."platforms.macos-arm64"]
checksum = "sha256:c43aecde4a663aebff99b9b83da0efec506479f1c3f98331442f33d2c43501f9"
url = "https://github.com/astral-sh/python-build-standalone/releases/download/20260324/cpython-3.14.3+20260324-aarch64-apple-darwin-install_only_stripped.tar.gz"
provenance = "github-attestations"

[tools.python."platforms.macos-x64"]
checksum = "sha256:9ab41dbc2f100a2a45d1833b9c11165f51051c558b5213eda9a9731d5948a0c0"
url = "https://github.com/astral-sh/python-build-standalone/releases/download/20260324/cpython-3.14.3+20260324-x86_64-apple-darwin-install_only_stripped.tar.gz"
provenance = "github-attestations"
